<Solution>
  <Folder Name="/Elementos de la solución/">
    <File Path="Temas.txt" />
  </Folder>
  <Project Path="BooksIo2026.Consola/BooksIo2026.Consola.csproj" />
  <Project Path="BooksIo2026.Data/BooksIo2026.Data.csproj" />
  <Project Path="BooksIo2026.Entities/BooksIo2026.Entities.csproj" />
  <Project Path="BooksIo2026.Service/BooksIo2026.Service.csproj" Id="d68f54ce-fa27-4396-a6ef-782fa5a5f444" />
</Solution>
